
Microsoft Visual Studio Solution File, Format Version 12.00
# Visual Studio Version 17
VisualStudioVersion = 17.10.35013.160
MinimumVisualStudioVersion = 10.0.40219.1
Project("{2150E333-8FDC-42A3-9474-1A3956D46DE8}") = "Services", "Services", "{F3F6B248-A632-43FC-9D1C-01FABA4E1D51}"
EndProject
Project("{2150E333-8FDC-42A3-9474-1A3956D46DE8}") = "Catalog", "Catalog", "{DF3CF8EF-AD64-4B51-82CA-52EC37CCEF08}"
EndProject
Project("{9A19103F-16F7-4668-BE54-9A1E7A4F7556}") = "catalog.api", "Services\Catalog\catalog.api\catalog.api.csproj", "{17221C97-4CE8-46A1-A30C-EA1457B0838C}"
EndProject
Project("{2150E333-8FDC-42A3-9474-1A3956D46DE8}") = "BuildingBlocks", "BuildingBlocks", "{993CD515-3872-4685-ABCB-18F382D857BF}"
EndProject
Project("{9A19103F-16F7-4668-BE54-9A1E7A4F7556}") = "BuildingBlocks", "BuildingBlocks\BuildingBlocks\BuildingBlocks.csproj", "{0AFC050E-F80E-4B20-8936-6606934D5228}"
EndProject
Project("{E53339B2-1760-4266-BCC7-CA923CBCF16C}") = "docker-compose", "docker-compose.dcproj", "{D65E0B20-B82E-4489-88A4-C294D3FB2DA4}"
EndProject
Project("{9A19103F-16F7-4668-BE54-9A1E7A4F7556}") = "Basket.api", "Services\Basket\Basket.api\Basket.api.csproj", "{85C6D2F1-86DC-48ED-9AAD-7CD9AEC8FCEA}"
EndProject
Project("{2150E333-8FDC-42A3-9474-1A3956D46DE8}") = "Basket", "Basket", "{4C3C61D9-B0D6-4D26-B707-5255C37FF56B}"
EndProject
Project("{2150E333-8FDC-42A3-9474-1A3956D46DE8}") = "Discount", "Discount", "{C4E80EAC-9606-4FEE-8339-EA392EF4CB11}"
EndProject
Project("{FAE04EC0-301F-11D3-BF4B-00C04F79EFBC}") = "Discount.Grpc", "Services\Discount\Discount.Grpc\Discount.Grpc.csproj", "{6FA5B4EB-3C16-4373-ADAA-11673B546AC2}"
EndProject
Project("{2150E333-8FDC-42A3-9474-1A3956D46DE8}") = "Ordering", "Ordering", "{19F786BD-7232-44C7-B5AF-BFD40CA7264D}"
EndProject
Project("{FAE04EC0-301F-11D3-BF4B-00C04F79EFBC}") = "Ordering.api", "Services\Ordering\Ordering.api\Ordering.api.csproj", "{C5DAD77A-599C-46B5-B3E7-806E0263F60C}"
EndProject
Project("{FAE04EC0-301F-11D3-BF4B-00C04F79EFBC}") = "Ordering.Infrastructure", "Services\Ordering\Ordering.Infrastructure\Ordering.Infrastructure.csproj", "{19322E07-46D2-4303-88FE-4BAB4E6B393C}"
EndProject
Project("{FAE04EC0-301F-11D3-BF4B-00C04F79EFBC}") = "Ordering.Domain", "Services\Ordering\Ordering.Domain\Ordering.Domain.csproj", "{AAC51DD2-00ED-4324-B352-83C969F16B3F}"
EndProject
Project("{FAE04EC0-301F-11D3-BF4B-00C04F79EFBC}") = "Ordering.Application", "Services\Ordering\Ordering.Application\Ordering.Application.csproj", "{10A2BB5C-23BC-4FBF-B321-5A1ABC611054}"
EndProject
Global
	GlobalSection(SolutionConfigurationPlatforms) = preSolution
		Debug|Any CPU = Debug|Any CPU
		Release|Any CPU = Release|Any CPU
	EndGlobalSection
	GlobalSection(ProjectConfigurationPlatforms) = postSolution
		{17221C97-4CE8-46A1-A30C-EA1457B0838C}.Debug|Any CPU.ActiveCfg = Debug|Any CPU
		{17221C97-4CE8-46A1-A30C-EA1457B0838C}.Debug|Any CPU.Build.0 = Debug|Any CPU
		{17221C97-4CE8-46A1-A30C-EA1457B0838C}.Release|Any CPU.ActiveCfg = Release|Any CPU
		{17221C97-4CE8-46A1-A30C-EA1457B0838C}.Release|Any CPU.Build.0 = Release|Any CPU
		{0AFC050E-F80E-4B20-8936-6606934D5228}.Debug|Any CPU.ActiveCfg = Debug|Any CPU
		{0AFC050E-F80E-4B20-8936-6606934D5228}.Debug|Any CPU.Build.0 = Debug|Any CPU
		{0AFC050E-F80E-4B20-8936-6606934D5228}.Release|Any CPU.ActiveCfg = Release|Any CPU
		{0AFC050E-F80E-4B20-8936-6606934D5228}.Release|Any CPU.Build.0 = Release|Any CPU
		{D65E0B20-B82E-4489-88A4-C294D3FB2DA4}.Debug|Any CPU.ActiveCfg = Debug|Any CPU
		{D65E0B20-B82E-4489-88A4-C294D3FB2DA4}.Debug|Any CPU.Build.0 = Debug|Any CPU
		{D65E0B20-B82E-4489-88A4-C294D3FB2DA4}.Release|Any CPU.ActiveCfg = Release|Any CPU
		{D65E0B20-B82E-4489-88A4-C294D3FB2DA4}.Release|Any CPU.Build.0 = Release|Any CPU
		{85C6D2F1-86DC-48ED-9AAD-7CD9AEC8FCEA}.Debug|Any CPU.ActiveCfg = Debug|Any CPU
		{85C6D2F1-86DC-48ED-9AAD-7CD9AEC8FCEA}.Debug|Any CPU.Build.0 = Debug|Any CPU
		{85C6D2F1-86DC-48ED-9AAD-7CD9AEC8FCEA}.Release|Any CPU.ActiveCfg = Release|Any CPU
		{85C6D2F1-86DC-48ED-9AAD-7CD9AEC8FCEA}.Release|Any CPU.Build.0 = Release|Any CPU
		{6FA5B4EB-3C16-4373-ADAA-11673B546AC2}.Debug|Any CPU.ActiveCfg = Debug|Any CPU
		{6FA5B4EB-3C16-4373-ADAA-11673B546AC2}.Debug|Any CPU.Build.0 = Debug|Any CPU
		{6FA5B4EB-3C16-4373-ADAA-11673B546AC2}.Release|Any CPU.ActiveCfg = Release|Any CPU
		{6FA5B4EB-3C16-4373-ADAA-11673B546AC2}.Release|Any CPU.Build.0 = Release|Any CPU
		{C5DAD77A-599C-46B5-B3E7-806E0263F60C}.Debug|Any CPU.ActiveCfg = Debug|Any CPU
		{C5DAD77A-599C-46B5-B3E7-806E0263F60C}.Debug|Any CPU.Build.0 = Debug|Any CPU
		{C5DAD77A-599C-46B5-B3E7-806E0263F60C}.Release|Any CPU.ActiveCfg = Release|Any CPU
		{C5DAD77A-599C-46B5-B3E7-806E0263F60C}.Release|Any CPU.Build.0 = Release|Any CPU
		{19322E07-46D2-4303-88FE-4BAB4E6B393C}.Debug|Any CPU.ActiveCfg = Debug|Any CPU
		{19322E07-46D2-4303-88FE-4BAB4E6B393C}.Debug|Any CPU.Build.0 = Debug|Any CPU
		{19322E07-46D2-4303-88FE-4BAB4E6B393C}.Release|Any CPU.ActiveCfg = Release|Any CPU
		{19322E07-46D2-4303-88FE-4BAB4E6B393C}.Release|Any CPU.Build.0 = Release|Any CPU
		{AAC51DD2-00ED-4324-B352-83C969F16B3F}.Debug|Any CPU.ActiveCfg = Debug|Any CPU
		{AAC51DD2-00ED-4324-B352-83C969F16B3F}.Debug|Any CPU.Build.0 = Debug|Any CPU
		{AAC51DD2-00ED-4324-B352-83C969F16B3F}.Release|Any CPU.ActiveCfg = Release|Any CPU
		{AAC51DD2-00ED-4324-B352-83C969F16B3F}.Release|Any CPU.Build.0 = Release|Any CPU
		{10A2BB5C-23BC-4FBF-B321-5A1ABC611054}.Debug|Any CPU.ActiveCfg = Debug|Any CPU
		{10A2BB5C-23BC-4FBF-B321-5A1ABC611054}.Debug|Any CPU.Build.0 = Debug|Any CPU
		{10A2BB5C-23BC-4FBF-B321-5A1ABC611054}.Release|Any CPU.ActiveCfg = Release|Any CPU
		{10A2BB5C-23BC-4FBF-B321-5A1ABC611054}.Release|Any CPU.Build.0 = Release|Any CPU
	EndGlobalSection
	GlobalSection(SolutionProperties) = preSolution
		HideSolutionNode = FALSE
	EndGlobalSection
	GlobalSection(NestedProjects) = preSolution
		{DF3CF8EF-AD64-4B51-82CA-52EC37CCEF08} = {F3F6B248-A632-43FC-9D1C-01FABA4E1D51}
		{17221C97-4CE8-46A1-A30C-EA1457B0838C} = {DF3CF8EF-AD64-4B51-82CA-52EC37CCEF08}
		{0AFC050E-F80E-4B20-8936-6606934D5228} = {993CD515-3872-4685-ABCB-18F382D857BF}
		{85C6D2F1-86DC-48ED-9AAD-7CD9AEC8FCEA} = {4C3C61D9-B0D6-4D26-B707-5255C37FF56B}
		{4C3C61D9-B0D6-4D26-B707-5255C37FF56B} = {F3F6B248-A632-43FC-9D1C-01FABA4E1D51}
		{C4E80EAC-9606-4FEE-8339-EA392EF4CB11} = {F3F6B248-A632-43FC-9D1C-01FABA4E1D51}
		{6FA5B4EB-3C16-4373-ADAA-11673B546AC2} = {C4E80EAC-9606-4FEE-8339-EA392EF4CB11}
		{19F786BD-7232-44C7-B5AF-BFD40CA7264D} = {F3F6B248-A632-43FC-9D1C-01FABA4E1D51}
		{C5DAD77A-599C-46B5-B3E7-806E0263F60C} = {19F786BD-7232-44C7-B5AF-BFD40CA7264D}
		{19322E07-46D2-4303-88FE-4BAB4E6B393C} = {19F786BD-7232-44C7-B5AF-BFD40CA7264D}
		{AAC51DD2-00ED-4324-B352-83C969F16B3F} = {19F786BD-7232-44C7-B5AF-BFD40CA7264D}
		{10A2BB5C-23BC-4FBF-B321-5A1ABC611054} = {19F786BD-7232-44C7-B5AF-BFD40CA7264D}
	EndGlobalSection
	GlobalSection(ExtensibilityGlobals) = postSolution
		SolutionGuid = {1D46FD87-E547-42B3-B724-983718F27B01}
	EndGlobalSection
EndGlobal
